
Microsoft Visual Studio Solution File, Format Version 12.00
# Visual Studio Version 17
VisualStudioVersion = 17.3.32929.385
MinimumVisualStudioVersion = 10.0.40219.1
Project("{9A19103F-16F7-4668-BE54-9A1E7A4F7556}") = "ScaleConnector", "TakinArkaScale\ScaleConnector.csproj", "{95DD3B93-FB31-4A83-A526-8F3516C29680}"
EndProject
Global
	GlobalSection(SolutionConfigurationPlatforms) = preSolution
		Debug|Any CPU = Debug|Any CPU
		Release|Any CPU = Release|Any CPU
	EndGlobalSection
	GlobalSection(ProjectConfigurationPlatforms) = postSolution
		{95DD3B93-FB31-4A83-A526-8F3516C29680}.Debug|Any CPU.ActiveCfg = Debug|Any CPU
		{95DD3B93-FB31-4A83-A526-8F3516C29680}.Debug|Any CPU.Build.0 = Debug|Any CPU
		{95DD3B93-FB31-4A83-A526-8F3516C29680}.Release|Any CPU.ActiveCfg = Release|Any CPU
		{95DD3B93-FB31-4A83-A526-8F3516C29680}.Release|Any CPU.Build.0 = Release|Any CPU
	EndGlobalSection
	GlobalSection(SolutionProperties) = preSolution
		HideSolutionNode = FALSE
	EndGlobalSection
	GlobalSection(ExtensibilityGlobals) = postSolution
		SolutionGuid = {AF5B15C7-940E-4914-9D38-28C4E99125B1}
	EndGlobalSection
EndGlobal
